
Microsoft Visual Studio Solution File, Format Version 12.00
# Visual Studio Version 17
VisualStudioVersion = 17.9.34622.214
MinimumVisualStudioVersion = 10.0.40219.1
Project("{FAE04EC0-301F-11D3-BF4B-00C04F79EFBC}") = "RestaurantRatingModeling", "RestaurantRatingModeling\RestaurantRatingModeling.csproj", "{DB289E6A-3E17-45C1-9E60-DB8810FE616F}"
EndProject
Global
	GlobalSection(SolutionConfigurationPlatforms) = preSolution
		Debug|Any CPU = Debug|Any CPU
		Release|Any CPU = Release|Any CPU
	EndGlobalSection
	GlobalSection(ProjectConfigurationPlatforms) = postSolution
		{DB289E6A-3E17-45C1-9E60-DB8810FE616F}.Debug|Any CPU.ActiveCfg = Debug|Any CPU
		{DB289E6A-3E17-45C1-9E60-DB8810FE616F}.Debug|Any CPU.Build.0 = Debug|Any CPU
		{DB289E6A-3E17-45C1-9E60-DB8810FE616F}.Release|Any CPU.ActiveCfg = Release|Any CPU
		{DB289E6A-3E17-45C1-9E60-DB8810FE616F}.Release|Any CPU.Build.0 = Release|Any CPU
	EndGlobalSection
	GlobalSection(SolutionProperties) = preSolution
		HideSolutionNode = FALSE
	EndGlobalSection
	GlobalSection(ExtensibilityGlobals) = postSolution
		SolutionGuid = {14D5C2C7-1FCA-4564-91B0-852554E0D2BC}
	EndGlobalSection
EndGlobal
